// !$*UTF8*$!
{
	archiveVersion = 1;
	classes = {
	};
	objectVersion = 50;
	objects = {

/* Begin PBXBuildFile section */
		5F472DAC25C94F090076C500 /* AppDelegate.swift in Sources */ = {isa = PBXBuildFile; fileRef = 5F472DAB25C94F090076C500 /* AppDelegate.swift */; };
		5F472DAE25C94F090076C500 /* SceneDelegate.swift in Sources */ = {isa = PBXBuildFile; fileRef = 5F472DAD25C94F090076C500 /* SceneDelegate.swift */; };
		5F472DB025C94F090076C500 /* LogInViewController.swift in Sources */ = {isa = PBXBuildFile; fileRef = 5F472DAF25C94F090076C500 /* LogInViewController.swift */; };
		5F472DB325C94F090076C500 /* Main.storyboard in Resources */ = {isa = PBXBuildFile; fileRef = 5F472DB125C94F090076C500 /* Main.storyboard */; };
		5F472DB525C94F0C0076C500 /* Assets.xcassets in Resources */ = {isa = PBXBuildFile; fileRef = 5F472DB425C94F0C0076C500 /* Assets.xcassets */; };
		5F472DB825C94F0C0076C500 /* LaunchScreen.storyboard in Resources */ = {isa = PBXBuildFile; fileRef = 5F472DB625C94F0C0076C500 /* LaunchScreen.storyboard */; };
		5F472DC325C967B20076C500 /* WelcomViewController.swift in Sources */ = {isa = PBXBuildFile; fileRef = 5F472DC225C967B20076C500 /* WelcomViewController.swift */; };
/* End PBXBuildFile section */

/* Begin PBXFileReference section */
		5F472DA825C94F090076C500 /* Work with segway.app */ = {isa = PBXFileReference; explicitFileType = wrapper.application; includeInIndex = 0; path = "Work with segway.app"; sourceTree = BUILT_PRODUCTS_DIR; };
		5F472DAB25C94F090076C500 /* AppDelegate.swift */ = {isa = PBXFileReference; lastKnownFileType = sourcecode.swift; path = AppDelegate.swift; sourceTree = "<group>"; };
		5F472DAD25C94F090076C500 /* SceneDelegate.swift */ = {isa = PBXFileReference; lastKnownFileType = sourcecode.swift; path = SceneDelegate.swift; sourceTree = "<group>"; };
		5F472DAF25C94F090076C500 /* LogInViewController.swift */ = {isa = PBXFileReference; lastKnownFileType = sourcecode.swift; path = LogInViewController.swift; sourceTree = "<group>"; };
		5F472DB225C94F090076C500 /* Base */ = {isa = PBXFileReference; lastKnownFileType = file.storyboard; name = Base; path = Base.lproj/Main.storyboard; sourceTree = "<group>"; };
		5F472DB425C94F0C0076C500 /* Assets.xcassets */ = {isa = PBXFileReference; lastKnownFileType = folder.assetcatalog; path = Assets.xcassets; sourceTree = "<group>"; };
		5F472DB725C94F0C0076C500 /* Base */ = {isa = PBXFileReference; lastKnownFileType = file.storyboard; name = Base; path = Base.lproj/LaunchScreen.storyboard; sourceTree = "<group>"; };
		5F472DB925C94F0C0076C500 /* Info.plist */ = {isa = PBXFileReference; lastKnownFileType = text.plist.xml; path = Info.plist; sourceTree = "<group>"; };
		5F472DC225C967B20076C500 /* WelcomViewController.swift */ = {isa = PBXFileReference; lastKnownFileType = sourcecode.swift; path = WelcomViewController.swift; sourceTree = "<group>"; };
/* End PBXFileReference section */

/* Begin PBXFrameworksBuildPhase section */
		5F472DA525C94F090076C500 /* Frameworks */ = {
			isa = PBXFrameworksBuildPhase;
			buildActionMask = 2147483647;
			files = (
			);
			runOnlyForDeploymentPostprocessing = 0;
		};
/* End PBXFrameworksBuildPhase section */

/* Begin PBXGroup section */
		5F472D9F25C94F090076C500 = {
			isa = PBXGroup;
			children = (
				5F472DAA25C94F090076C500 /* Work with segway */,
				5F472DA925C94F090076C500 /* Products */,
			);
			sourceTree = "<group>";
		};
		5F472DA925C94F090076C500 /* Products */ = {
			isa = PBXGroup;
			children = (
				5F472DA825C94F090076C500 /* Work with segway.app */,
			);
			name = Products;
			sourceTree = "<group>";
		};
		5F472DAA25C94F090076C500 /* Work with segway */ = {
			isa = PBXGroup;
			children = (
				5F472DAB25C94F090076C500 /* AppDelegate.swift */,
				5F472DAD25C94F090076C500 /* SceneDelegate.swift */,
				5F472DC525C99AA60076C500 /* Controllers */,
				5F472DB125C94F090076C500 /* Main.storyboard */,
				5F472DB425C94F0C0076C500 /* Assets.xcassets */,
				5F472DB625C94F0C0076C500 /* LaunchScreen.storyboard */,
				5F472DB925C94F0C0076C500 /* Info.plist */,
			);
			path = "Work with segway";
			sourceTree = "<group>";
		};
		5F472DC525C99AA60076C500 /* Controllers */ = {
			isa = PBXGroup;
			children = (
				5F472DAF25C94F090076C500 /* LogInViewController.swift */,
				5F472DC225C967B20076C500 /* WelcomViewController.swift */,
			);
			path = Controllers;
			sourceTree = "<group>";
		};
/* End PBXGroup section */

/* Begin PBXNativeTarget section */
		5F472DA725C94F090076C500 /* Work with segway */ = {
			isa = PBXNativeTarget;
			buildConfigurationList = 5F472DBC25C94F0C0076C500 /* Build configuration list for PBXNativeTarget "Work with segway" */;
			buildPhases = (
				5F472DA425C94F090076C500 /* Sources */,
				5F472DA525C94F090076C500 /* Frameworks */,
				5F472DA625C94F090076C500 /* Resources */,
			);
			buildRules = (
			);
			dependencies = (
			);
			name = "Work with segway";
			productName = "Work with segway";
			productReference = 5F472DA825C94F090076C500 /* Work with segway.app */;
			productType = "com.apple.product-type.application";
		};
/* End PBXNativeTarget section */

/* Begin PBXProject section */
		5F472DA025C94F090076C500 /* Project object */ = {
			isa = PBXProject;
			attributes = {
				LastSwiftUpdateCheck = 1240;
				LastUpgradeCheck = 1240;
				TargetAttributes = {
					5F472DA725C94F090076C500 = {
						CreatedOnToolsVersion = 12.4;
					};
				};
			};
			buildConfigurationList = 5F472DA325C94F090076C500 /* Build configuration list for PBXProject "Work with segway" */;
			compatibilityVersion = "Xcode 9.3";
			developmentRegion = en;
			hasScannedForEncodings = 0;
			knownRegions = (
				en,
				Base,
			);
			mainGroup = 5F472D9F25C94F090076C500;
			productRefGroup = 5F472DA925C94F090076C500 /* Products */;
			projectDirPath = "";
			projectRoot = "";
			targets = (
				5F472DA725C94F090076C500 /* Work with segway */,
			);
		};
/* End PBXProject section */

/* Begin PBXResourcesBuildPhase section */
		5F472DA625C94F090076C500 /* Resources */ = {
			isa = PBXResourcesBuildPhase;
			buildActionMask = 2147483647;
			files = (
				5F472DB825C94F0C0076C500 /* LaunchScreen.storyboard in Resources */,
				5F472DB525C94F0C0076C500 /* Assets.xcassets in Resources */,
				5F472DB325C94F090076C500 /* Main.storyboard in Resources */,
			);
			runOnlyForDeploymentPostprocessing = 0;
		};
/* End PBXResourcesBuildPhase section */

/* Begin PBXSourcesBuildPhase section */
		5F472DA425C94F090076C500 /* Sources */ = {
			isa = PBXSourcesBuildPhase;
			buildActionMask = 2147483647;
			files = (
				5F472DB025C94F090076C500 /* LogInViewController.swift in Sources */,
				5F472DAC25C94F090076C500 /* AppDelegate.swift in Sources */,
				5F472DAE25C94F090076C500 /* SceneDelegate.swift in Sources */,
				5F472DC325C967B20076C500 /* WelcomViewController.swift in Sources */,
			);
			runOnlyForDeploymentPostprocessing = 0;
		};
/* End PBXSourcesBuildPhase section */

/* Begin PBXVariantGroup section */
		5F472DB125C94F090076C500 /* Main.storyboard */ = {
			isa = PBXVariantGroup;
			children = (
				5F472DB225C94F090076C500 /* Base */,
			);
			name = Main.storyboard;
			sourceTree = "<group>";
		};
		5F472DB625C94F0C0076C500 /* LaunchScreen.storyboard */ = {
			isa = PBXVariantGroup;
			children = (
				5F472DB725C94F0C0076C500 /* Base */,
			);
			name = LaunchScreen.storyboard;
			sourceTree = "<group>";
		};
/* End PBXVariantGroup section */

/* Begin XCBuildConfiguration section */
		5F472DBA25C94F0C0076C500 /* Debug */ = {
			isa = XCBuildConfiguration;
			buildSettings = {
				ALWAYS_SEARCH_USER_PATHS = NO;
				CLANG_ANALYZER_NONNULL = YES;
				CLANG_ANALYZER_NUMBER_OBJECT_CONVERSION = YES_AGGRESSIVE;
				CLANG_CXX_LANGUAGE_STANDARD = "gnu++14";
				CLANG_CXX_LIBRARY = "libc++";
				CLANG_ENABLE_MODULES = YES;
				CLANG_ENABLE_OBJC_ARC = YES;
				CLANG_ENABLE_OBJC_WEAK = YES;
				CLANG_WARN_BLOCK_CAPTURE_AUTORELEASING = YES;
				CLANG_WARN_BOOL_CONVERSION = YES;
				CLANG_WARN_COMMA = YES;
				CLANG_WARN_CONSTANT_CONVERSION = YES;
				CLANG_WARN_DEPRECATED_OBJC_IMPLEMENTATIONS = YES;
				CLANG_WARN_DIRECT_OBJC_ISA_USAGE = YES_ERROR;
				CLANG_WARN_DOCUMENTATION_COMMENTS = YES;
				CLANG_WARN_EMPTY_BODY = YES;
				CLANG_WARN_ENUM_CONVERSION = YES;
				CLANG_WARN_INFINITE_RECURSION = YES;
				CLANG_WARN_INT_CONVERSION = YES;
				CLANG_WARN_NON_LITERAL_NULL_CONVERSION = YES;
				CLANG_WARN_OBJC_IMPLICIT_RETAIN_SELF = YES;
				CLANG_WARN_OBJC_LITERAL_CONVERSION = YES;
				CLANG_WARN_OBJC_ROOT_CLASS = YES_ERROR;
				CLANG_WARN_QUOTED_INCLUDE_IN_FRAMEWORK_HEADER = YES;
				CLANG_WARN_RANGE_LOOP_ANALYSIS = YES;
				CLANG_WARN_STRICT_PROTOTYPES = YES;
				CLANG_WARN_SUSPICIOUS_MOVE = YES;
				CLANG_WARN_UNGUARDED_AVAILABILITY = YES_AGGRESSIVE;
				CLANG_WARN_UNREACHABLE_CODE = YES;
				CLANG_WARN__DUPLICATE_METHOD_MATCH = YES;
				COPY_PHASE_STRIP = NO;
				DEBUG_INFORMATION_FORMAT = dwarf;
				ENABLE_STRICT_OBJC_MSGSEND = YES;
				ENABLE_TESTABILITY = YES;
				GCC_C_LANGUAGE_STANDARD = gnu11;
				GCC_DYNAMIC_NO_PIC = NO;
				GCC_NO_COMMON_BLOCKS = YES;
				GCC_OPTIMIZATION_LEVEL = 0;
				GCC_PREPROCESSOR_DEFINITIONS = (
					"DEBUG=1",
					"$(inherited)",
				);
				GCC_WARN_64_TO_32_BIT_CONVERSION = YES;
				GCC_WARN_ABOUT_RETURN_TYPE = YES_ERROR;
				GCC_WARN_UNDECLARED_SELECTOR = YES;
				GCC_WARN_UNINITIALIZED_AUTOS = YES_AGGRESSIVE;
				GCC_WARN_UNUSED_FUNCTION = YES;
				GCC_WARN_UNUSED_VARIABLE = YES;
				IPHONEOS_DEPLOYMENT_TARGET = 14.4;
				MTL_ENABLE_DEBUG_INFO = INCLUDE_SOURCE;
				MTL_FAST_MATH = YES;
				ONLY_ACTIVE_ARCH = YES;
				SDKROOT = iphoneos;
				SWIFT_ACTIVE_COMPILATION_CONDITIONS = DEBUG;
				SWIFT_OPTIMIZATION_LEVEL = "-Onone";
			};
			name = Debug;
		};
		5F472DBB25C94F0C0076C500 /* Release */ = {
			isa = XCBuildConfiguration;
			buildSettings = {
				ALWAYS_SEARCH_USER_PATHS = NO;
				CLANG_ANALYZER_NONNULL = YES;
				CLANG_ANALYZER_NUMBER_OBJECT_CONVERSION = YES_AGGRESSIVE;
				CLANG_CXX_LANGUAGE_STANDARD = "gnu++14";
				CLANG_CXX_LIBRARY = "libc++";
				CLANG_ENABLE_MODULES = YES;
				CLANG_ENABLE_OBJC_ARC = YES;
				CLANG_ENABLE_OBJC_WEAK = YES;
				CLANG_WARN_BLOCK_CAPTURE_AUTORELEASING = YES;
				CLANG_WARN_BOOL_CONVERSION = YES;
				CLANG_WARN_COMMA = YES;
				CLANG_WARN_CONSTANT_CONVERSION = YES;
				CLANG_WARN_DEPRECATED_OBJC_IMPLEMENTATIONS = YES;
				CLANG_WARN_DIRECT_OBJC_ISA_USAGE = YES_ERROR;
				CLANG_WARN_DOCUMENTATION_COMMENTS = YES;
				CLANG_WARN_EMPTY_BODY = YES;
				CLANG_WARN_ENUM_CONVERSION = YES;
				CLANG_WARN_INFINITE_RECURSION = YES;
				CLANG_WARN_INT_CONVERSION = YES;
				CLANG_WARN_NON_LITERAL_NULL_CONVERSION = YES;
				CLANG_WARN_OBJC_IMPLICIT_RETAIN_SELF = YES;
				CLANG_WARN_OBJC_LITERAL_CONVERSION = YES;
				CLANG_WARN_OBJC_ROOT_CLASS = YES_ERROR;
				CLANG_WARN_QUOTED_INCLUDE_IN_FRAMEWORK_HEADER = YES;
				CLANG_WARN_RANGE_LOOP_ANALYSIS = YES;
				CLANG_WARN_STRICT_PROTOTYPES = YES;
				CLANG_WARN_SUSPICIOUS_MOVE = YES;
				CLANG_WARN_UNGUARDED_AVAILABILITY = YES_AGGRESSIVE;
				CLANG_WARN_UNREACHABLE_CODE = YES;
				CLANG_WARN__DUPLICATE_METHOD_MATCH = YES;
				COPY_PHASE_STRIP = NO;
				DEBUG_INFORMATION_FORMAT = "dwarf-with-dsym";
				ENABLE_NS_ASSERTIONS = NO;
				ENABLE_STRICT_OBJC_MSGSEND = YES;
				GCC_C_LANGUAGE_STANDARD = gnu11;
				GCC_NO_COMMON_BLOCKS = YES;
				GCC_WARN_64_TO_32_BIT_CONVERSION = YES;
				GCC_WARN_ABOUT_RETURN_TYPE = YES_ERROR;
				GCC_WARN_UNDECLARED_SELECTOR = YES;
				GCC_WARN_UNINITIALIZED_AUTOS = YES_AGGRESSIVE;
				GCC_WARN_UNUSED_FUNCTION = YES;
				GCC_WARN_UNUSED_VARIABLE = YES;
				IPHONEOS_DEPLOYMENT_TARGET = 14.4;
				MTL_ENABLE_DEBUG_INFO = NO;
				MTL_FAST_MATH = YES;
				SDKROOT = iphoneos;
				SWIFT_COMPILATION_MODE = wholemodule;
				SWIFT_OPTIMIZATION_LEVEL = "-O";
				VALIDATE_PRODUCT = YES;
			};
			name = Release;
		};
		5F472DBD25C94F0C0076C500 /* Debug */ = {
			isa = XCBuildConfiguration;
			buildSettings = {
				ASSETCATALOG_COMPILER_APPICON_NAME = AppIcon;
				ASSETCATALOG_COMPILER_GLOBAL_ACCENT_COLOR_NAME = AccentColor;
				CODE_SIGN_STYLE = Automatic;
				INFOPLIST_FILE = "Work with segway/Info.plist";
				LD_RUNPATH_SEARCH_PATHS = (
					"$(inherited)",
					"@executable_path/Frameworks",
				);
				PRODUCT_BUNDLE_IDENTIFIER = "i.moiseeva.Work-with-segway";
				PRODUCT_NAME = "$(TARGET_NAME)";
				SWIFT_VERSION = 5.0;
				TARGETED_DEVICE_FAMILY = "1,2";
			};
			name = Debug;
		};
		5F472DBE25C94F0C0076C500 /* Release */ = {
			isa = XCBuildConfiguration;
			buildSettings = {
				ASSETCATALOG_COMPILER_APPICON_NAME = AppIcon;
				ASSETCATALOG_COMPILER_GLOBAL_ACCENT_COLOR_NAME = AccentColor;
				CODE_SIGN_STYLE = Automatic;
				INFOPLIST_FILE = "Work with segway/Info.plist";
				LD_RUNPATH_SEARCH_PATHS = (
					"$(inherited)",
					"@executable_path/Frameworks",
				);
				PRODUCT_BUNDLE_IDENTIFIER = "i.moiseeva.Work-with-segway";
				PRODUCT_NAME = "$(TARGET_NAME)";
				SWIFT_VERSION = 5.0;
				TARGETED_DEVICE_FAMILY = "1,2";
			};
			name = Release;
		};
/* End XCBuildConfiguration section */

/* Begin XCConfigurationList section */
		5F472DA325C94F090076C500 /* Build configuration list for PBXProject "Work with segway" */ = {
			isa = XCConfigurationList;
			buildConfigurations = (
				5F472DBA25C94F0C0076C500 /* Debug */,
				5F472DBB25C94F0C0076C500 /* Release */,
			);
			defaultConfigurationIsVisible = 0;
			defaultConfigurationName = Release;
		};
		5F472DBC25C94F0C0076C500 /* Build configuration list for PBXNativeTarget "Work with segway" */ = {
			isa = XCConfigurationList;
			buildConfigurations = (
				5F472DBD25C94F0C0076C500 /* Debug */,
				5F472DBE25C94F0C0076C500 /* Release */,
			);
			defaultConfigurationIsVisible = 0;
			defaultConfigurationName = Release;
		};
/* End XCConfigurationList section */
	};
	rootObject = 5F472DA025C94F090076C500 /* Project object */;
}
